// !$*UTF8*$!
{
	archiveVersion = 1;
	classes = {
	};
	objectVersion = 77;
	objects = {

/* Begin PBXBuildFile section */
		828440762E57301900D2FAC0 /* Assets.xcassets in Resources */ = {isa = PBXBuildFile; fileRef = 828440732E57301900D2FAC0 /* Assets.xcassets */; };
		828440772E57301900D2FAC0 /* calculatorApp.swift in Sources */ = {isa = PBXBuildFile; fileRef = 828440742E57301900D2FAC0 /* calculatorApp.swift */; };
		828440782E57301900D2FAC0 /* ContentView.swift in Sources */ = {isa = PBXBuildFile; fileRef = 828440752E57301900D2FAC0 /* ContentView.swift */; };
		828440852E5746CC00D2FAC0 /* RootTabView.swift in Sources */ = {isa = PBXBuildFile; fileRef = 828440842E5746CC00D2FAC0 /* RootTabView.swift */; };
		8284408C2E5747A300D2FAC0 /* HomeView.swift in Sources */ = {isa = PBXBuildFile; fileRef = 8284408B2E5747A300D2FAC0 /* HomeView.swift */; };
		8284408E2E5747CD00D2FAC0 /* CalculateView.swift in Sources */ = {isa = PBXBuildFile; fileRef = 8284408D2E5747CD00D2FAC0 /* CalculateView.swift */; };
		828440902E5747F100D2FAC0 /* ScenariosView.swift in Sources */ = {isa = PBXBuildFile; fileRef = 8284408F2E5747F100D2FAC0 /* ScenariosView.swift */; };
		828440922E57480D00D2FAC0 /* SettingsView.swift in Sources */ = {isa = PBXBuildFile; fileRef = 828440912E57480D00D2FAC0 /* SettingsView.swift */; };
		828440972E5748D400D2FAC0 /* Types.swift in Sources */ = {isa = PBXBuildFile; fileRef = 828440962E5748D400D2FAC0 /* Types.swift */; };
		828440992E5748EF00D2FAC0 /* Claculator.swift in Sources */ = {isa = PBXBuildFile; fileRef = 828440982E5748EF00D2FAC0 /* Claculator.swift */; };
		8284409B2E57490D00D2FAC0 /* ScenarioStore.swift in Sources */ = {isa = PBXBuildFile; fileRef = 8284409A2E57490D00D2FAC0 /* ScenarioStore.swift */; };
		828440A02E574B0400D2FAC0 /* Localizable.strings in Resources */ = {isa = PBXBuildFile; fileRef = 8284409E2E574B0400D2FAC0 /* Localizable.strings */; };
		82B19EAC2E5C61AA002921E8 /* Inputs.swift in Sources */ = {isa = PBXBuildFile; fileRef = 82B19EAB2E5C61AA002921E8 /* Inputs.swift */; };
		82B19EAD2E5C6AEB002921E8 /* Inputs.swift in Sources */ = {isa = PBXBuildFile; fileRef = 82B19EAB2E5C61AA002921E8 /* Inputs.swift */; };
		82B19EAE2E5C6AF8002921E8 /* Claculator.swift in Sources */ = {isa = PBXBuildFile; fileRef = 828440982E5748EF00D2FAC0 /* Claculator.swift */; };
		82B19EB02E5C786C002921E8 /* ResultView.swift in Sources */ = {isa = PBXBuildFile; fileRef = 82B19EAF2E5C786C002921E8 /* ResultView.swift */; };
/* End PBXBuildFile section */

/* Begin PBXContainerItemProxy section */
		8284404B2E571E0100D2FAC0 /* PBXContainerItemProxy */ = {
			isa = PBXContainerItemProxy;
			containerPortal = 828440352E571DFF00D2FAC0 /* Project object */;
			proxyType = 1;
			remoteGlobalIDString = 8284403C2E571DFF00D2FAC0;
			remoteInfo = calculator;
		};
		828440552E571E0100D2FAC0 /* PBXContainerItemProxy */ = {
			isa = PBXContainerItemProxy;
			containerPortal = 828440352E571DFF00D2FAC0 /* Project object */;
			proxyType = 1;
			remoteGlobalIDString = 8284403C2E571DFF00D2FAC0;
			remoteInfo = calculator;
		};
/* End PBXContainerItemProxy section */

/* Begin PBXFileReference section */
		8284403D2E571DFF00D2FAC0 /* calculator.app */ = {isa = PBXFileReference; explicitFileType = wrapper.application; includeInIndex = 0; path = calculator.app; sourceTree = BUILT_PRODUCTS_DIR; };
		8284404A2E571E0100D2FAC0 /* calculatorTests.xctest */ = {isa = PBXFileReference; explicitFileType = wrapper.cfbundle; includeInIndex = 0; path = calculatorTests.xctest; sourceTree = BUILT_PRODUCTS_DIR; };
		828440542E571E0100D2FAC0 /* calculatorUITests.xctest */ = {isa = PBXFileReference; explicitFileType = wrapper.cfbundle; includeInIndex = 0; path = calculatorUITests.xctest; sourceTree = BUILT_PRODUCTS_DIR; };
		828440732E57301900D2FAC0 /* Assets.xcassets */ = {isa = PBXFileReference; lastKnownFileType = folder.assetcatalog; path = Assets.xcassets; sourceTree = "<group>"; };
		828440742E57301900D2FAC0 /* calculatorApp.swift */ = {isa = PBXFileReference; lastKnownFileType = sourcecode.swift; path = calculatorApp.swift; sourceTree = "<group>"; };
		828440752E57301900D2FAC0 /* ContentView.swift */ = {isa = PBXFileReference; lastKnownFileType = sourcecode.swift; path = ContentView.swift; sourceTree = "<group>"; };
		828440842E5746CC00D2FAC0 /* RootTabView.swift */ = {isa = PBXFileReference; lastKnownFileType = sourcecode.swift; path = RootTabView.swift; sourceTree = "<group>"; };
		8284408B2E5747A300D2FAC0 /* HomeView.swift */ = {isa = PBXFileReference; lastKnownFileType = sourcecode.swift; path = HomeView.swift; sourceTree = "<group>"; };
		8284408D2E5747CD00D2FAC0 /* CalculateView.swift */ = {isa = PBXFileReference; lastKnownFileType = sourcecode.swift; path = CalculateView.swift; sourceTree = "<group>"; };
		8284408F2E5747F100D2FAC0 /* ScenariosView.swift */ = {isa = PBXFileReference; lastKnownFileType = sourcecode.swift; path = ScenariosView.swift; sourceTree = "<group>"; };
		828440912E57480D00D2FAC0 /* SettingsView.swift */ = {isa = PBXFileReference; lastKnownFileType = sourcecode.swift; path = SettingsView.swift; sourceTree = "<group>"; };
		828440962E5748D400D2FAC0 /* Types.swift */ = {isa = PBXFileReference; lastKnownFileType = sourcecode.swift; path = Types.swift; sourceTree = "<group>"; };
		828440982E5748EF00D2FAC0 /* Claculator.swift */ = {isa = PBXFileReference; lastKnownFileType = sourcecode.swift; path = Claculator.swift; sourceTree = "<group>"; };
		8284409A2E57490D00D2FAC0 /* ScenarioStore.swift */ = {isa = PBXFileReference; lastKnownFileType = sourcecode.swift; path = ScenarioStore.swift; sourceTree = "<group>"; };
		8284409F2E574B0400D2FAC0 /* en */ = {isa = PBXFileReference; lastKnownFileType = text.plist.strings; name = en; path = en.lproj/Localizable.strings; sourceTree = "<group>"; };
		828440A12E574B2400D2FAC0 /* ko */ = {isa = PBXFileReference; lastKnownFileType = text.plist.strings; name = ko; path = ko.lproj/Localizable.strings; sourceTree = "<group>"; };
		82B19EAB2E5C61AA002921E8 /* Inputs.swift */ = {isa = PBXFileReference; lastKnownFileType = sourcecode.swift; path = Inputs.swift; sourceTree = "<group>"; };
		82B19EAF2E5C786C002921E8 /* ResultView.swift */ = {isa = PBXFileReference; lastKnownFileType = sourcecode.swift; path = ResultView.swift; sourceTree = "<group>"; };
/* End PBXFileReference section */

/* Begin PBXFileSystemSynchronizedRootGroup section */
		8284404D2E571E0100D2FAC0 /* calculatorTests */ = {
			isa = PBXFileSystemSynchronizedRootGroup;
			path = calculatorTests;
			sourceTree = "<group>";
		};
		828440572E571E0100D2FAC0 /* calculatorUITests */ = {
			isa = PBXFileSystemSynchronizedRootGroup;
			path = calculatorUITests;
			sourceTree = "<group>";
		};
/* End PBXFileSystemSynchronizedRootGroup section */

/* Begin PBXFrameworksBuildPhase section */
		8284403A2E571DFF00D2FAC0 /* Frameworks */ = {
			isa = PBXFrameworksBuildPhase;
			buildActionMask = 2147483647;
			files = (
			);
			runOnlyForDeploymentPostprocessing = 0;
		};
		828440472E571E0100D2FAC0 /* Frameworks */ = {
			isa = PBXFrameworksBuildPhase;
			buildActionMask = 2147483647;
			files = (
			);
			runOnlyForDeploymentPostprocessing = 0;
		};
		828440512E571E0100D2FAC0 /* Frameworks */ = {
			isa = PBXFrameworksBuildPhase;
			buildActionMask = 2147483647;
			files = (
			);
			runOnlyForDeploymentPostprocessing = 0;
		};
/* End PBXFrameworksBuildPhase section */

/* Begin PBXGroup section */
		828440342E571DFF00D2FAC0 = {
			isa = PBXGroup;
			children = (
				828440822E57465600D2FAC0 /* Features */,
				828440832E57465E00D2FAC0 /* Resources */,
				828440812E57464D00D2FAC0 /* core */,
				8284407F2E57462F00D2FAC0 /* App */,
				8284404D2E571E0100D2FAC0 /* calculatorTests */,
				828440572E571E0100D2FAC0 /* calculatorUITests */,
				8284403E2E571DFF00D2FAC0 /* Products */,
			);
			sourceTree = "<group>";
		};
		8284403E2E571DFF00D2FAC0 /* Products */ = {
			isa = PBXGroup;
			children = (
				8284403D2E571DFF00D2FAC0 /* calculator.app */,
				8284404A2E571E0100D2FAC0 /* calculatorTests.xctest */,
				828440542E571E0100D2FAC0 /* calculatorUITests.xctest */,
			);
			name = Products;
			sourceTree = "<group>";
		};
		8284407F2E57462F00D2FAC0 /* App */ = {
			isa = PBXGroup;
			children = (
				828440742E57301900D2FAC0 /* calculatorApp.swift */,
			);
			path = App;
			sourceTree = "<group>";
		};
		828440812E57464D00D2FAC0 /* core */ = {
			isa = PBXGroup;
			children = (
				828440952E5748C200D2FAC0 /* Store */,
				828440942E5748B900D2FAC0 /* Engine */,
				828440932E5748AE00D2FAC0 /* Models */,
			);
			path = core;
			sourceTree = "<group>";
		};
		828440822E57465600D2FAC0 /* Features */ = {
			isa = PBXGroup;
			children = (
				8284408A2E57474200D2FAC0 /* Settings */,
				828440892E57473500D2FAC0 /* Scenarios */,
				828440882E57472100D2FAC0 /* Calculate */,
				828440862E5746E900D2FAC0 /* Home */,
				828440752E57301900D2FAC0 /* ContentView.swift */,
				828440842E5746CC00D2FAC0 /* RootTabView.swift */,
			);
			path = Features;
			sourceTree = "<group>";
		};
		828440832E57465E00D2FAC0 /* Resources */ = {
			isa = PBXGroup;
			children = (
				828440732E57301900D2FAC0 /* Assets.xcassets */,
				8284409E2E574B0400D2FAC0 /* Localizable.strings */,
			);
			path = Resources;
			sourceTree = "<group>";
		};
		828440862E5746E900D2FAC0 /* Home */ = {
			isa = PBXGroup;
			children = (
				8284408B2E5747A300D2FAC0 /* HomeView.swift */,
			);
			path = Home;
			sourceTree = "<group>";
		};
		828440882E57472100D2FAC0 /* Calculate */ = {
			isa = PBXGroup;
			children = (
				8284408D2E5747CD00D2FAC0 /* CalculateView.swift */,
				82B19EAF2E5C786C002921E8 /* ResultView.swift */,
			);
			path = Calculate;
			sourceTree = "<group>";
		};
		828440892E57473500D2FAC0 /* Scenarios */ = {
			isa = PBXGroup;
			children = (
				8284408F2E5747F100D2FAC0 /* ScenariosView.swift */,
			);
			path = Scenarios;
			sourceTree = "<group>";
		};
		8284408A2E57474200D2FAC0 /* Settings */ = {
			isa = PBXGroup;
			children = (
				828440912E57480D00D2FAC0 /* SettingsView.swift */,
			);
			path = Settings;
			sourceTree = "<group>";
		};
		828440932E5748AE00D2FAC0 /* Models */ = {
			isa = PBXGroup;
			children = (
				828440962E5748D400D2FAC0 /* Types.swift */,
				82B19EAB2E5C61AA002921E8 /* Inputs.swift */,
			);
			path = Models;
			sourceTree = "<group>";
		};
		828440942E5748B900D2FAC0 /* Engine */ = {
			isa = PBXGroup;
			children = (
				828440982E5748EF00D2FAC0 /* Claculator.swift */,
			);
			path = Engine;
			sourceTree = "<group>";
		};
		828440952E5748C200D2FAC0 /* Store */ = {
			isa = PBXGroup;
			children = (
				8284409A2E57490D00D2FAC0 /* ScenarioStore.swift */,
			);
			path = Store;
			sourceTree = "<group>";
		};
/* End PBXGroup section */

/* Begin PBXNativeTarget section */
		8284403C2E571DFF00D2FAC0 /* calculator */ = {
			isa = PBXNativeTarget;
			buildConfigurationList = 8284405E2E571E0100D2FAC0 /* Build configuration list for PBXNativeTarget "calculator" */;
			buildPhases = (
				828440392E571DFF00D2FAC0 /* Sources */,
				8284403A2E571DFF00D2FAC0 /* Frameworks */,
				8284403B2E571DFF00D2FAC0 /* Resources */,
			);
			buildRules = (
			);
			dependencies = (
			);
			name = calculator;
			packageProductDependencies = (
			);
			productName = calculator;
			productReference = 8284403D2E571DFF00D2FAC0 /* calculator.app */;
			productType = "com.apple.product-type.application";
		};
		828440492E571E0100D2FAC0 /* calculatorTests */ = {
			isa = PBXNativeTarget;
			buildConfigurationList = 828440612E571E0100D2FAC0 /* Build configuration list for PBXNativeTarget "calculatorTests" */;
			buildPhases = (
				828440462E571E0100D2FAC0 /* Sources */,
				828440472E571E0100D2FAC0 /* Frameworks */,
				828440482E571E0100D2FAC0 /* Resources */,
			);
			buildRules = (
			);
			dependencies = (
				8284404C2E571E0100D2FAC0 /* PBXTargetDependency */,
			);
			fileSystemSynchronizedGroups = (
				8284404D2E571E0100D2FAC0 /* calculatorTests */,
			);
			name = calculatorTests;
			packageProductDependencies = (
			);
			productName = calculatorTests;
			productReference = 8284404A2E571E0100D2FAC0 /* calculatorTests.xctest */;
			productType = "com.apple.product-type.bundle.unit-test";
		};
		828440532E571E0100D2FAC0 /* calculatorUITests */ = {
			isa = PBXNativeTarget;
			buildConfigurationList = 828440642E571E0100D2FAC0 /* Build configuration list for PBXNativeTarget "calculatorUITests" */;
			buildPhases = (
				828440502E571E0100D2FAC0 /* Sources */,
				828440512E571E0100D2FAC0 /* Frameworks */,
				828440522E571E0100D2FAC0 /* Resources */,
			);
			buildRules = (
			);
			dependencies = (
				828440562E571E0100D2FAC0 /* PBXTargetDependency */,
			);
			fileSystemSynchronizedGroups = (
				828440572E571E0100D2FAC0 /* calculatorUITests */,
			);
			name = calculatorUITests;
			packageProductDependencies = (
			);
			productName = calculatorUITests;
			productReference = 828440542E571E0100D2FAC0 /* calculatorUITests.xctest */;
			productType = "com.apple.product-type.bundle.ui-testing";
		};
/* End PBXNativeTarget section */

/* Begin PBXProject section */
		828440352E571DFF00D2FAC0 /* Project object */ = {
			isa = PBXProject;
			attributes = {
				BuildIndependentTargetsInParallel = 1;
				LastSwiftUpdateCheck = 1640;
				LastUpgradeCheck = 1640;
				TargetAttributes = {
					8284403C2E571DFF00D2FAC0 = {
						CreatedOnToolsVersion = 16.4;
					};
					828440492E571E0100D2FAC0 = {
						CreatedOnToolsVersion = 16.4;
						TestTargetID = 8284403C2E571DFF00D2FAC0;
					};
					828440532E571E0100D2FAC0 = {
						CreatedOnToolsVersion = 16.4;
						TestTargetID = 8284403C2E571DFF00D2FAC0;
					};
				};
			};
			buildConfigurationList = 828440382E571DFF00D2FAC0 /* Build configuration list for PBXProject "calculator" */;
			developmentRegion = en;
			hasScannedForEncodings = 0;
			knownRegions = (
				en,
				Base,
				ko,
			);
			mainGroup = 828440342E571DFF00D2FAC0;
			minimizedProjectReferenceProxies = 1;
			preferredProjectObjectVersion = 77;
			productRefGroup = 8284403E2E571DFF00D2FAC0 /* Products */;
			projectDirPath = "";
			projectRoot = "";
			targets = (
				8284403C2E571DFF00D2FAC0 /* calculator */,
				828440492E571E0100D2FAC0 /* calculatorTests */,
				828440532E571E0100D2FAC0 /* calculatorUITests */,
			);
		};
/* End PBXProject section */

/* Begin PBXResourcesBuildPhase section */
		8284403B2E571DFF00D2FAC0 /* Resources */ = {
			isa = PBXResourcesBuildPhase;
			buildActionMask = 2147483647;
			files = (
				828440762E57301900D2FAC0 /* Assets.xcassets in Resources */,
				828440A02E574B0400D2FAC0 /* Localizable.strings in Resources */,
			);
			runOnlyForDeploymentPostprocessing = 0;
		};
		828440482E571E0100D2FAC0 /* Resources */ = {
			isa = PBXResourcesBuildPhase;
			buildActionMask = 2147483647;
			files = (
			);
			runOnlyForDeploymentPostprocessing = 0;
		};
		828440522E571E0100D2FAC0 /* Resources */ = {
			isa = PBXResourcesBuildPhase;
			buildActionMask = 2147483647;
			files = (
			);
			runOnlyForDeploymentPostprocessing = 0;
		};
/* End PBXResourcesBuildPhase section */

/* Begin PBXSourcesBuildPhase section */
		828440392E571DFF00D2FAC0 /* Sources */ = {
			isa = PBXSourcesBuildPhase;
			buildActionMask = 2147483647;
			files = (
				828440922E57480D00D2FAC0 /* SettingsView.swift in Sources */,
				828440772E57301900D2FAC0 /* calculatorApp.swift in Sources */,
				8284408E2E5747CD00D2FAC0 /* CalculateView.swift in Sources */,
				82B19EAC2E5C61AA002921E8 /* Inputs.swift in Sources */,
				828440972E5748D400D2FAC0 /* Types.swift in Sources */,
				82B19EB02E5C786C002921E8 /* ResultView.swift in Sources */,
				828440902E5747F100D2FAC0 /* ScenariosView.swift in Sources */,
				8284409B2E57490D00D2FAC0 /* ScenarioStore.swift in Sources */,
				8284408C2E5747A300D2FAC0 /* HomeView.swift in Sources */,
				828440852E5746CC00D2FAC0 /* RootTabView.swift in Sources */,
				828440782E57301900D2FAC0 /* ContentView.swift in Sources */,
				828440992E5748EF00D2FAC0 /* Claculator.swift in Sources */,
			);
			runOnlyForDeploymentPostprocessing = 0;
		};
		828440462E571E0100D2FAC0 /* Sources */ = {
			isa = PBXSourcesBuildPhase;
			buildActionMask = 2147483647;
			files = (
				82B19EAD2E5C6AEB002921E8 /* Inputs.swift in Sources */,
				82B19EAE2E5C6AF8002921E8 /* Claculator.swift in Sources */,
			);
			runOnlyForDeploymentPostprocessing = 0;
		};
		828440502E571E0100D2FAC0 /* Sources */ = {
			isa = PBXSourcesBuildPhase;
			buildActionMask = 2147483647;
			files = (
			);
			runOnlyForDeploymentPostprocessing = 0;
		};
/* End PBXSourcesBuildPhase section */

/* Begin PBXTargetDependency section */
		8284404C2E571E0100D2FAC0 /* PBXTargetDependency */ = {
			isa = PBXTargetDependency;
			target = 8284403C2E571DFF00D2FAC0 /* calculator */;
			targetProxy = 8284404B2E571E0100D2FAC0 /* PBXContainerItemProxy */;
		};
		828440562E571E0100D2FAC0 /* PBXTargetDependency */ = {
			isa = PBXTargetDependency;
			target = 8284403C2E571DFF00D2FAC0 /* calculator */;
			targetProxy = 828440552E571E0100D2FAC0 /* PBXContainerItemProxy */;
		};
/* End PBXTargetDependency section */

/* Begin PBXVariantGroup section */
		8284409E2E574B0400D2FAC0 /* Localizable.strings */ = {
			isa = PBXVariantGroup;
			children = (
				8284409F2E574B0400D2FAC0 /* en */,
				828440A12E574B2400D2FAC0 /* ko */,
			);
			name = Localizable.strings;
			sourceTree = "<group>";
		};
/* End PBXVariantGroup section */

/* Begin XCBuildConfiguration section */
		8284405C2E571E0100D2FAC0 /* Debug */ = {
			isa = XCBuildConfiguration;
			buildSettings = {
				ALWAYS_SEARCH_USER_PATHS = NO;
				ASSETCATALOG_COMPILER_GENERATE_SWIFT_ASSET_SYMBOL_EXTENSIONS = YES;
				CLANG_ANALYZER_NONNULL = YES;
				CLANG_ANALYZER_NUMBER_OBJECT_CONVERSION = YES_AGGRESSIVE;
				CLANG_CXX_LANGUAGE_STANDARD = "gnu++20";
				CLANG_ENABLE_MODULES = YES;
				CLANG_ENABLE_OBJC_ARC = YES;
				CLANG_ENABLE_OBJC_WEAK = YES;
				CLANG_WARN_BLOCK_CAPTURE_AUTORELEASING = YES;
				CLANG_WARN_BOOL_CONVERSION = YES;
				CLANG_WARN_COMMA = YES;
				CLANG_WARN_CONSTANT_CONVERSION = YES;
				CLANG_WARN_DEPRECATED_OBJC_IMPLEMENTATIONS = YES;
				CLANG_WARN_DIRECT_OBJC_ISA_USAGE = YES_ERROR;
				CLANG_WARN_DOCUMENTATION_COMMENTS = YES;
				CLANG_WARN_EMPTY_BODY = YES;
				CLANG_WARN_ENUM_CONVERSION = YES;
				CLANG_WARN_INFINITE_RECURSION = YES;
				CLANG_WARN_INT_CONVERSION = YES;
				CLANG_WARN_NON_LITERAL_NULL_CONVERSION = YES;
				CLANG_WARN_OBJC_IMPLICIT_RETAIN_SELF = YES;
				CLANG_WARN_OBJC_LITERAL_CONVERSION = YES;
				CLANG_WARN_OBJC_ROOT_CLASS = YES_ERROR;
				CLANG_WARN_QUOTED_INCLUDE_IN_FRAMEWORK_HEADER = YES;
				CLANG_WARN_RANGE_LOOP_ANALYSIS = YES;
				CLANG_WARN_STRICT_PROTOTYPES = YES;
				CLANG_WARN_SUSPICIOUS_MOVE = YES;
				CLANG_WARN_UNGUARDED_AVAILABILITY = YES_AGGRESSIVE;
				CLANG_WARN_UNREACHABLE_CODE = YES;
				CLANG_WARN__DUPLICATE_METHOD_MATCH = YES;
				COPY_PHASE_STRIP = NO;
				DEBUG_INFORMATION_FORMAT = dwarf;
				ENABLE_STRICT_OBJC_MSGSEND = YES;
				ENABLE_TESTABILITY = YES;
				ENABLE_USER_SCRIPT_SANDBOXING = YES;
				GCC_C_LANGUAGE_STANDARD = gnu17;
				GCC_DYNAMIC_NO_PIC = NO;
				GCC_NO_COMMON_BLOCKS = YES;
				GCC_OPTIMIZATION_LEVEL = 0;
				GCC_PREPROCESSOR_DEFINITIONS = (
					"DEBUG=1",
					"$(inherited)",
				);
				GCC_WARN_64_TO_32_BIT_CONVERSION = YES;
				GCC_WARN_ABOUT_RETURN_TYPE = YES_ERROR;
				GCC_WARN_UNDECLARED_SELECTOR = YES;
				GCC_WARN_UNINITIALIZED_AUTOS = YES_AGGRESSIVE;
				GCC_WARN_UNUSED_FUNCTION = YES;
				GCC_WARN_UNUSED_VARIABLE = YES;
				IPHONEOS_DEPLOYMENT_TARGET = 18.5;
				LOCALIZATION_PREFERS_STRING_CATALOGS = YES;
				MTL_ENABLE_DEBUG_INFO = INCLUDE_SOURCE;
				MTL_FAST_MATH = YES;
				ONLY_ACTIVE_ARCH = YES;
				SDKROOT = iphoneos;
				SWIFT_ACTIVE_COMPILATION_CONDITIONS = "DEBUG $(inherited)";
				SWIFT_OPTIMIZATION_LEVEL = "-Onone";
			};
			name = Debug;
		};
		8284405D2E571E0100D2FAC0 /* Release */ = {
			isa = XCBuildConfiguration;
			buildSettings = {
				ALWAYS_SEARCH_USER_PATHS = NO;
				ASSETCATALOG_COMPILER_GENERATE_SWIFT_ASSET_SYMBOL_EXTENSIONS = YES;
				CLANG_ANALYZER_NONNULL = YES;
				CLANG_ANALYZER_NUMBER_OBJECT_CONVERSION = YES_AGGRESSIVE;
				CLANG_CXX_LANGUAGE_STANDARD = "gnu++20";
				CLANG_ENABLE_MODULES = YES;
				CLANG_ENABLE_OBJC_ARC = YES;
				CLANG_ENABLE_OBJC_WEAK = YES;
				CLANG_WARN_BLOCK_CAPTURE_AUTORELEASING = YES;
				CLANG_WARN_BOOL_CONVERSION = YES;
				CLANG_WARN_COMMA = YES;
				CLANG_WARN_CONSTANT_CONVERSION = YES;
				CLANG_WARN_DEPRECATED_OBJC_IMPLEMENTATIONS = YES;
				CLANG_WARN_DIRECT_OBJC_ISA_USAGE = YES_ERROR;
				CLANG_WARN_DOCUMENTATION_COMMENTS = YES;
				CLANG_WARN_EMPTY_BODY = YES;
				CLANG_WARN_ENUM_CONVERSION = YES;
				CLANG_WARN_INFINITE_RECURSION = YES;
				CLANG_WARN_INT_CONVERSION = YES;
				CLANG_WARN_NON_LITERAL_NULL_CONVERSION = YES;
				CLANG_WARN_OBJC_IMPLICIT_RETAIN_SELF = YES;
				CLANG_WARN_OBJC_LITERAL_CONVERSION = YES;
				CLANG_WARN_OBJC_ROOT_CLASS = YES_ERROR;
				CLANG_WARN_QUOTED_INCLUDE_IN_FRAMEWORK_HEADER = YES;
				CLANG_WARN_RANGE_LOOP_ANALYSIS = YES;
				CLANG_WARN_STRICT_PROTOTYPES = YES;
				CLANG_WARN_SUSPICIOUS_MOVE = YES;
				CLANG_WARN_UNGUARDED_AVAILABILITY = YES_AGGRESSIVE;
				CLANG_WARN_UNREACHABLE_CODE = YES;
				CLANG_WARN__DUPLICATE_METHOD_MATCH = YES;
				COPY_PHASE_STRIP = NO;
				DEBUG_INFORMATION_FORMAT = "dwarf-with-dsym";
				ENABLE_NS_ASSERTIONS = NO;
				ENABLE_STRICT_OBJC_MSGSEND = YES;
				ENABLE_USER_SCRIPT_SANDBOXING = YES;
				GCC_C_LANGUAGE_STANDARD = gnu17;
				GCC_NO_COMMON_BLOCKS = YES;
				GCC_WARN_64_TO_32_BIT_CONVERSION = YES;
				GCC_WARN_ABOUT_RETURN_TYPE = YES_ERROR;
				GCC_WARN_UNDECLARED_SELECTOR = YES;
				GCC_WARN_UNINITIALIZED_AUTOS = YES_AGGRESSIVE;
				GCC_WARN_UNUSED_FUNCTION = YES;
				GCC_WARN_UNUSED_VARIABLE = YES;
				IPHONEOS_DEPLOYMENT_TARGET = 18.5;
				LOCALIZATION_PREFERS_STRING_CATALOGS = YES;
				MTL_ENABLE_DEBUG_INFO = NO;
				MTL_FAST_MATH = YES;
				SDKROOT = iphoneos;
				SWIFT_COMPILATION_MODE = wholemodule;
				VALIDATE_PRODUCT = YES;
			};
			name = Release;
		};
		8284405F2E571E0100D2FAC0 /* Debug */ = {
			isa = XCBuildConfiguration;
			buildSettings = {
				ASSETCATALOG_COMPILER_APPICON_NAME = AppIcon;
				ASSETCATALOG_COMPILER_GLOBAL_ACCENT_COLOR_NAME = AccentColor;
				CODE_SIGN_STYLE = Automatic;
				CURRENT_PROJECT_VERSION = 1;
				DEFINES_MODULE = YES;
				ENABLE_PREVIEWS = YES;
				GENERATE_INFOPLIST_FILE = YES;
				INFOPLIST_FILE = "";
				INFOPLIST_KEY_UIApplicationSceneManifest_Generation = YES;
				INFOPLIST_KEY_UIApplicationSupportsIndirectInputEvents = YES;
				INFOPLIST_KEY_UILaunchScreen_Generation = YES;
				INFOPLIST_KEY_UISupportedInterfaceOrientations_iPad = "UIInterfaceOrientationPortrait UIInterfaceOrientationPortraitUpsideDown UIInterfaceOrientationLandscapeLeft UIInterfaceOrientationLandscapeRight";
				INFOPLIST_KEY_UISupportedInterfaceOrientations_iPhone = "UIInterfaceOrientationPortrait UIInterfaceOrientationLandscapeLeft UIInterfaceOrientationLandscapeRight";
				LD_RUNPATH_SEARCH_PATHS = (
					"$(inherited)",
					"@executable_path/Frameworks",
				);
				MARKETING_VERSION = 1.0;
				PRODUCT_BUNDLE_IDENTIFIER = reish.calculator;
				PRODUCT_NAME = "$(TARGET_NAME)";
				SWIFT_EMIT_LOC_STRINGS = YES;
				SWIFT_VERSION = 5.0;
				TARGETED_DEVICE_FAMILY = "1,2";
			};
			name = Debug;
		};
		828440602E571E0100D2FAC0 /* Release */ = {
			isa = XCBuildConfiguration;
			buildSettings = {
				ASSETCATALOG_COMPILER_APPICON_NAME = AppIcon;
				ASSETCATALOG_COMPILER_GLOBAL_ACCENT_COLOR_NAME = AccentColor;
				CODE_SIGN_STYLE = Automatic;
				CURRENT_PROJECT_VERSION = 1;
				DEFINES_MODULE = YES;
				ENABLE_PREVIEWS = YES;
				GENERATE_INFOPLIST_FILE = YES;
				INFOPLIST_FILE = "";
				INFOPLIST_KEY_UIApplicationSceneManifest_Generation = YES;
				INFOPLIST_KEY_UIApplicationSupportsIndirectInputEvents = YES;
				INFOPLIST_KEY_UILaunchScreen_Generation = YES;
				INFOPLIST_KEY_UISupportedInterfaceOrientations_iPad = "UIInterfaceOrientationPortrait UIInterfaceOrientationPortraitUpsideDown UIInterfaceOrientationLandscapeLeft UIInterfaceOrientationLandscapeRight";
				INFOPLIST_KEY_UISupportedInterfaceOrientations_iPhone = "UIInterfaceOrientationPortrait UIInterfaceOrientationLandscapeLeft UIInterfaceOrientationLandscapeRight";
				LD_RUNPATH_SEARCH_PATHS = (
					"$(inherited)",
					"@executable_path/Frameworks",
				);
				MARKETING_VERSION = 1.0;
				PRODUCT_BUNDLE_IDENTIFIER = reish.calculator;
				PRODUCT_NAME = "$(TARGET_NAME)";
				SWIFT_EMIT_LOC_STRINGS = YES;
				SWIFT_VERSION = 5.0;
				TARGETED_DEVICE_FAMILY = "1,2";
			};
			name = Release;
		};
		828440622E571E0100D2FAC0 /* Debug */ = {
			isa = XCBuildConfiguration;
			buildSettings = {
				BUNDLE_LOADER = "$(TEST_HOST)";
				CODE_SIGN_STYLE = Automatic;
				CURRENT_PROJECT_VERSION = 1;
				DEFINES_MODULE = YES;
				GENERATE_INFOPLIST_FILE = YES;
				IPHONEOS_DEPLOYMENT_TARGET = 18.5;
				MARKETING_VERSION = 1.0;
				PRODUCT_BUNDLE_IDENTIFIER = reish.calculatorTests;
				PRODUCT_NAME = "$(TARGET_NAME)";
				SWIFT_EMIT_LOC_STRINGS = NO;
				SWIFT_VERSION = 5.0;
				TARGETED_DEVICE_FAMILY = "1,2";
				TEST_HOST = "$(BUILT_PRODUCTS_DIR)/calculator.app/$(BUNDLE_EXECUTABLE_FOLDER_PATH)/calculator";
			};
			name = Debug;
		};
		828440632E571E0100D2FAC0 /* Release */ = {
			isa = XCBuildConfiguration;
			buildSettings = {
				BUNDLE_LOADER = "$(TEST_HOST)";
				CODE_SIGN_STYLE = Automatic;
				CURRENT_PROJECT_VERSION = 1;
				DEFINES_MODULE = YES;
				GENERATE_INFOPLIST_FILE = YES;
				IPHONEOS_DEPLOYMENT_TARGET = 18.5;
				MARKETING_VERSION = 1.0;
				PRODUCT_BUNDLE_IDENTIFIER = reish.calculatorTests;
				PRODUCT_NAME = "$(TARGET_NAME)";
				SWIFT_EMIT_LOC_STRINGS = NO;
				SWIFT_VERSION = 5.0;
				TARGETED_DEVICE_FAMILY = "1,2";
				TEST_HOST = "$(BUILT_PRODUCTS_DIR)/calculator.app/$(BUNDLE_EXECUTABLE_FOLDER_PATH)/calculator";
			};
			name = Release;
		};
		828440652E571E0100D2FAC0 /* Debug */ = {
			isa = XCBuildConfiguration;
			buildSettings = {
				CODE_SIGN_STYLE = Automatic;
				CURRENT_PROJECT_VERSION = 1;
				GENERATE_INFOPLIST_FILE = YES;
				MARKETING_VERSION = 1.0;
				PRODUCT_BUNDLE_IDENTIFIER = reish.calculatorUITests;
				PRODUCT_NAME = "$(TARGET_NAME)";
				SWIFT_EMIT_LOC_STRINGS = NO;
				SWIFT_VERSION = 5.0;
				TARGETED_DEVICE_FAMILY = "1,2";
				TEST_TARGET_NAME = calculator;
			};
			name = Debug;
		};
		828440662E571E0100D2FAC0 /* Release */ = {
			isa = XCBuildConfiguration;
			buildSettings = {
				CODE_SIGN_STYLE = Automatic;
				CURRENT_PROJECT_VERSION = 1;
				GENERATE_INFOPLIST_FILE = YES;
				MARKETING_VERSION = 1.0;
				PRODUCT_BUNDLE_IDENTIFIER = reish.calculatorUITests;
				PRODUCT_NAME = "$(TARGET_NAME)";
				SWIFT_EMIT_LOC_STRINGS = NO;
				SWIFT_VERSION = 5.0;
				TARGETED_DEVICE_FAMILY = "1,2";
				TEST_TARGET_NAME = calculator;
			};
			name = Release;
		};
/* End XCBuildConfiguration section */

/* Begin XCConfigurationList section */
		828440382E571DFF00D2FAC0 /* Build configuration list for PBXProject "calculator" */ = {
			isa = XCConfigurationList;
			buildConfigurations = (
				8284405C2E571E0100D2FAC0 /* Debug */,
				8284405D2E571E0100D2FAC0 /* Release */,
			);
			defaultConfigurationIsVisible = 0;
			defaultConfigurationName = Release;
		};
		8284405E2E571E0100D2FAC0 /* Build configuration list for PBXNativeTarget "calculator" */ = {
			isa = XCConfigurationList;
			buildConfigurations = (
				8284405F2E571E0100D2FAC0 /* Debug */,
				828440602E571E0100D2FAC0 /* Release */,
			);
			defaultConfigurationIsVisible = 0;
			defaultConfigurationName = Release;
		};
		828440612E571E0100D2FAC0 /* Build configuration list for PBXNativeTarget "calculatorTests" */ = {
			isa = XCConfigurationList;
			buildConfigurations = (
				828440622E571E0100D2FAC0 /* Debug */,
				828440632E571E0100D2FAC0 /* Release */,
			);
			defaultConfigurationIsVisible = 0;
			defaultConfigurationName = Release;
		};
		828440642E571E0100D2FAC0 /* Build configuration list for PBXNativeTarget "calculatorUITests" */ = {
			isa = XCConfigurationList;
			buildConfigurations = (
				828440652E571E0100D2FAC0 /* Debug */,
				828440662E571E0100D2FAC0 /* Release */,
			);
			defaultConfigurationIsVisible = 0;
			defaultConfigurationName = Release;
		};
/* End XCConfigurationList section */
	};
	rootObject = 828440352E571DFF00D2FAC0 /* Project object */;
}
